# THIS IS AN AUTOGENERATED FILE. DO NOT EDIT THIS FILE DIRECTLY.
# yarn lockfile v1


"@types/diff@^4.0.1":
  version "4.0.2"
  resolved "https://registry.yarnpkg.com/@types/diff/-/diff-4.0.2.tgz#2e9bb89f9acc3ab0108f0f3dc4dbdcf2fff8a99c"
  integrity sha512-mIenTfsIe586/yzsyfql69KRnA75S8SVXQbTLpDejRrjH0QSJcpu3AUOi/Vjnt9IOsXKxPhJfGpQUNMueIU1fQ==

"@types/node@^12.0.0":
  version "12.7.2"
  resolved "https://registry.yarnpkg.com/@types/node/-/node-12.7.2.tgz#c4e63af5e8823ce9cc3f0b34f7b998c2171f0c44"
  integrity sha512-dyYO+f6ihZEtNPDcWNR1fkoTDf3zAK3lAABDze3mz6POyIercH0lEUawUFXlG8xaQZmm1yEBON/4TsYv/laDYg==

"@types/vscode@^1.37.0":
  version "1.37.0"
  resolved "https://registry.yarnpkg.com/@types/vscode/-/vscode-1.37.0.tgz#fb26ffabfabcd50ba70e8b454122a91b84548080"
  integrity sha512-PRfeuqYuzk3vjf+puzxltIUWC+AhEGYpFX29/37w30DQSQnpf5AgMVf7GDBAdmTbWTBou+EMFz/Ne6XCM/KxzQ==

diff@^4.0.1:
  version "4.0.1"
  resolved "https://registry.yarnpkg.com/diff/-/diff-4.0.1.tgz#0c667cb467ebbb5cea7f14f135cc2dba7780a8ff"
  integrity sha512-s2+XdvhPCOF01LRQBC8hf4vhbVmI2CGS5aZnxLJlT5FtdhPCDFq80q++zK2KlrVorVDdL5BOGZ/VfLrVtYNF+Q==

typescript@^3.5.0:
  version "3.5.3"
  resolved "https://registry.yarnpkg.com/typescript/-/typescript-3.5.3.tgz#c830f657f93f1ea846819e929092f5fe5983e977"
  integrity sha512-ACzBtm/PhXBDId6a6sDJfroT2pOWt/oOnk4/dElG5G33ZL776N3Y6/6bKZJBFpd+b05F3Ct9qDjMeJmRWtE2/g==
